// !$*UTF8*$!
{
	archiveVersion = 1;
	classes = {
	};
	objectVersion = 50;
	objects = {

/* Begin PBXBuildFile section */
		FB4029B92451867C004C1439 /* u_XMLReader.cpp in Sources */ = {isa = PBXBuildFile; fileRef = FB4029B82451867C004C1439 /* u_XMLReader.cpp */; };
		FB4029BD245194CC004C1439 /* tinyxml2.cpp in Sources */ = {isa = PBXBuildFile; fileRef = FB4029BC245194CC004C1439 /* tinyxml2.cpp */; };
		FB8C9B832445CD0F00E79756 /* main.cpp in Sources */ = {isa = PBXBuildFile; fileRef = FB8C9B822445CD0F00E79756 /* main.cpp */; };
		FB8C9B8B2445CD1C00E79756 /* a_GameObject.cpp in Sources */ = {isa = PBXBuildFile; fileRef = FB8C9B892445CD1C00E79756 /* a_GameObject.cpp */; };
		FB8C9B912445D00A00E79756 /* SpaceShip.cpp in Sources */ = {isa = PBXBuildFile; fileRef = FB8C9B8F2445D00A00E79756 /* SpaceShip.cpp */; };
		FB8C9B952445D42D00E79756 /* GameObjectController.cpp in Sources */ = {isa = PBXBuildFile; fileRef = FB8C9B932445D42D00E79756 /* GameObjectController.cpp */; };
		FB8C9B992445E4CF00E79756 /* Game.cpp in Sources */ = {isa = PBXBuildFile; fileRef = FB8C9B972445E4CF00E79756 /* Game.cpp */; };
		FB8C9B9C2445E8B600E79756 /* Alien.cpp in Sources */ = {isa = PBXBuildFile; fileRef = FB8C9B9A2445E8B600E79756 /* Alien.cpp */; };
		FB8C9BA52445EB9500E79756 /* i_Shooter.cpp in Sources */ = {isa = PBXBuildFile; fileRef = FB8C9BA32445EB9500E79756 /* i_Shooter.cpp */; };
		FB8C9BA82445ECC900E79756 /* Bullets.cpp in Sources */ = {isa = PBXBuildFile; fileRef = FB8C9BA62445ECC900E79756 /* Bullets.cpp */; };
		FB98BF38245052BA00E46507 /* Shape.cpp in Sources */ = {isa = PBXBuildFile; fileRef = FB98BF37245052BA00E46507 /* Shape.cpp */; };
		FB9FE8622452E76500174056 /* u_errorHandler.cpp in Sources */ = {isa = PBXBuildFile; fileRef = FB9FE8612452E76500174056 /* u_errorHandler.cpp */; };
		FBF0298924475ACF004277B8 /* Vector2.cpp in Sources */ = {isa = PBXBuildFile; fileRef = FBF0298724475ACF004277B8 /* Vector2.cpp */; };
		FBFB38502448639600E90FD9 /* i_Collision.cpp in Sources */ = {isa = PBXBuildFile; fileRef = FBFB384E2448639600E90FD9 /* i_Collision.cpp */; };
		FBFB38552448692700E90FD9 /* Clock.cpp in Sources */ = {isa = PBXBuildFile; fileRef = FBFB38532448692700E90FD9 /* Clock.cpp */; };
/* End PBXBuildFile section */

/* Begin PBXCopyFilesBuildPhase section */
		FB8C9B7D2445CD0F00E79756 /* CopyFiles */ = {
			isa = PBXCopyFilesBuildPhase;
			buildActionMask = 2147483647;
			dstPath = /usr/share/man/man1/;
			dstSubfolderSpec = 0;
			files = (
			);
			runOnlyForDeploymentPostprocessing = 1;
		};
/* End PBXCopyFilesBuildPhase section */

/* Begin PBXFileReference section */
		FB4029B7245184FF004C1439 /* u_XMLReader.h */ = {isa = PBXFileReference; lastKnownFileType = sourcecode.c.h; path = u_XMLReader.h; sourceTree = "<group>"; };
		FB4029B82451867C004C1439 /* u_XMLReader.cpp */ = {isa = PBXFileReference; lastKnownFileType = sourcecode.cpp.cpp; path = u_XMLReader.cpp; sourceTree = "<group>"; };
		FB4029BB245194CC004C1439 /* tinyxml2.h */ = {isa = PBXFileReference; fileEncoding = 4; lastKnownFileType = sourcecode.c.h; path = tinyxml2.h; sourceTree = "<group>"; };
		FB4029BC245194CC004C1439 /* tinyxml2.cpp */ = {isa = PBXFileReference; fileEncoding = 4; lastKnownFileType = sourcecode.cpp.cpp; path = tinyxml2.cpp; sourceTree = "<group>"; };
		FB8C9B7F2445CD0F00E79756 /* GameObjectDemo */ = {isa = PBXFileReference; explicitFileType = "compiled.mach-o.executable"; includeInIndex = 0; path = GameObjectDemo; sourceTree = BUILT_PRODUCTS_DIR; };
		FB8C9B822445CD0F00E79756 /* main.cpp */ = {isa = PBXFileReference; lastKnownFileType = sourcecode.cpp.cpp; path = main.cpp; sourceTree = "<group>"; };
		FB8C9B892445CD1C00E79756 /* a_GameObject.cpp */ = {isa = PBXFileReference; lastKnownFileType = sourcecode.cpp.cpp; path = a_GameObject.cpp; sourceTree = "<group>"; };
		FB8C9B8A2445CD1C00E79756 /* a_GameObject.h */ = {isa = PBXFileReference; lastKnownFileType = sourcecode.c.h; path = a_GameObject.h; sourceTree = "<group>"; };
		FB8C9B8F2445D00A00E79756 /* SpaceShip.cpp */ = {isa = PBXFileReference; lastKnownFileType = sourcecode.cpp.cpp; path = SpaceShip.cpp; sourceTree = "<group>"; };
		FB8C9B902445D00A00E79756 /* SpaceShip.h */ = {isa = PBXFileReference; lastKnownFileType = sourcecode.c.h; path = SpaceShip.h; sourceTree = "<group>"; };
		FB8C9B932445D42D00E79756 /* GameObjectController.cpp */ = {isa = PBXFileReference; lastKnownFileType = sourcecode.cpp.cpp; path = GameObjectController.cpp; sourceTree = "<group>"; };
		FB8C9B942445D42D00E79756 /* GameObjectController.h */ = {isa = PBXFileReference; lastKnownFileType = sourcecode.c.h; path = GameObjectController.h; sourceTree = "<group>"; };
		FB8C9B972445E4CF00E79756 /* Game.cpp */ = {isa = PBXFileReference; lastKnownFileType = sourcecode.cpp.cpp; path = Game.cpp; sourceTree = "<group>"; };
		FB8C9B982445E4CF00E79756 /* Game.h */ = {isa = PBXFileReference; lastKnownFileType = sourcecode.c.h; path = Game.h; sourceTree = "<group>"; };
		FB8C9B9A2445E8B600E79756 /* Alien.cpp */ = {isa = PBXFileReference; lastKnownFileType = sourcecode.cpp.cpp; path = Alien.cpp; sourceTree = "<group>"; };
		FB8C9B9B2445E8B600E79756 /* Alien.h */ = {isa = PBXFileReference; lastKnownFileType = sourcecode.c.h; path = Alien.h; sourceTree = "<group>"; };
		FB8C9BA32445EB9500E79756 /* i_Shooter.cpp */ = {isa = PBXFileReference; lastKnownFileType = sourcecode.cpp.cpp; path = i_Shooter.cpp; sourceTree = "<group>"; };
		FB8C9BA42445EB9500E79756 /* i_Shooter.h */ = {isa = PBXFileReference; lastKnownFileType = sourcecode.c.h; path = i_Shooter.h; sourceTree = "<group>"; };
		FB8C9BA62445ECC900E79756 /* Bullets.cpp */ = {isa = PBXFileReference; lastKnownFileType = sourcecode.cpp.cpp; path = Bullets.cpp; sourceTree = "<group>"; };
		FB8C9BA72445ECC900E79756 /* Bullets.h */ = {isa = PBXFileReference; lastKnownFileType = sourcecode.c.h; path = Bullets.h; sourceTree = "<group>"; };
		FB98BF36245052AB00E46507 /* Shape.h */ = {isa = PBXFileReference; lastKnownFileType = sourcecode.c.h; path = Shape.h; sourceTree = "<group>"; };
		FB98BF37245052BA00E46507 /* Shape.cpp */ = {isa = PBXFileReference; lastKnownFileType = sourcecode.cpp.cpp; path = Shape.cpp; sourceTree = "<group>"; };
		FB9FE8602452E64500174056 /* u_ErrorHandler.h */ = {isa = PBXFileReference; lastKnownFileType = sourcecode.c.h; path = u_ErrorHandler.h; sourceTree = "<group>"; };
		FB9FE8612452E76500174056 /* u_errorHandler.cpp */ = {isa = PBXFileReference; lastKnownFileType = sourcecode.cpp.cpp; path = u_errorHandler.cpp; sourceTree = "<group>"; };
		FBF0298724475ACF004277B8 /* Vector2.cpp */ = {isa = PBXFileReference; lastKnownFileType = sourcecode.cpp.cpp; path = Vector2.cpp; sourceTree = "<group>"; };
		FBF0298824475ACF004277B8 /* Vector2.h */ = {isa = PBXFileReference; lastKnownFileType = sourcecode.c.h; path = Vector2.h; sourceTree = "<group>"; };
		FBFB384E2448639600E90FD9 /* i_Collision.cpp */ = {isa = PBXFileReference; lastKnownFileType = sourcecode.cpp.cpp; path = i_Collision.cpp; sourceTree = "<group>"; };
		FBFB384F2448639600E90FD9 /* i_Collision.h */ = {isa = PBXFileReference; lastKnownFileType = sourcecode.c.h; path = i_Collision.h; sourceTree = "<group>"; };
		FBFB38532448692700E90FD9 /* Clock.cpp */ = {isa = PBXFileReference; lastKnownFileType = sourcecode.cpp.cpp; path = Clock.cpp; sourceTree = "<group>"; };
		FBFB38542448692700E90FD9 /* Clock.h */ = {isa = PBXFileReference; lastKnownFileType = sourcecode.c.h; path = Clock.h; sourceTree = "<group>"; };
/* End PBXFileReference section */

/* Begin PBXFrameworksBuildPhase section */
		FB8C9B7C2445CD0F00E79756 /* Frameworks */ = {
			isa = PBXFrameworksBuildPhase;
			buildActionMask = 2147483647;
			files = (
			);
			runOnlyForDeploymentPostprocessing = 0;
		};
/* End PBXFrameworksBuildPhase section */

/* Begin PBXGroup section */
		FB4029BE245194DB004C1439 /* OpenSource */ = {
			isa = PBXGroup;
			children = (
				FB4029BC245194CC004C1439 /* tinyxml2.cpp */,
				FB4029BB245194CC004C1439 /* tinyxml2.h */,
			);
			path = OpenSource;
			sourceTree = "<group>";
		};
		FB8C9B762445CD0F00E79756 = {
			isa = PBXGroup;
			children = (
				FB8C9B812445CD0F00E79756 /* GameObjectDemo */,
				FB8C9B802445CD0F00E79756 /* Products */,
			);
			sourceTree = "<group>";
		};
		FB8C9B802445CD0F00E79756 /* Products */ = {
			isa = PBXGroup;
			children = (
				FB8C9B7F2445CD0F00E79756 /* GameObjectDemo */,
			);
			name = Products;
			sourceTree = "<group>";
		};
		FB8C9B812445CD0F00E79756 /* GameObjectDemo */ = {
			isa = PBXGroup;
			children = (
				FB9FE85F2452E62000174056 /* Utilities */,
				FB4029BE245194DB004C1439 /* OpenSource */,
				FBF0298624475AC2004277B8 /* Other */,
				FB8C9BA12445EB8000E79756 /* Interfaces */,
				FB8C9B962445E4C100E79756 /* Main */,
				FB8C9B922445D41500E79756 /* Controller */,
				FB8C9B8C2445CFCD00E79756 /* GameObjectTypes */,
			);
			path = GameObjectDemo;
			sourceTree = "<group>";
		};
		FB8C9B8C2445CFCD00E79756 /* GameObjectTypes */ = {
			isa = PBXGroup;
			children = (
				FB8C9B8D2445CFD900E79756 /* Abstract */,
				FB8C9B8E2445CFE300E79756 /* Child */,
			);
			path = GameObjectTypes;
			sourceTree = "<group>";
		};
		FB8C9B8D2445CFD900E79756 /* Abstract */ = {
			isa = PBXGroup;
			children = (
				FB8C9B892445CD1C00E79756 /* a_GameObject.cpp */,
				FB8C9B8A2445CD1C00E79756 /* a_GameObject.h */,
			);
			path = Abstract;
			sourceTree = "<group>";
		};
		FB8C9B8E2445CFE300E79756 /* Child */ = {
			isa = PBXGroup;
			children = (
				FB8C9B8F2445D00A00E79756 /* SpaceShip.cpp */,
				FB8C9B902445D00A00E79756 /* SpaceShip.h */,
				FB8C9B9A2445E8B600E79756 /* Alien.cpp */,
				FB8C9B9B2445E8B600E79756 /* Alien.h */,
				FB8C9BA62445ECC900E79756 /* Bullets.cpp */,
				FB8C9BA72445ECC900E79756 /* Bullets.h */,
			);
			path = Child;
			sourceTree = "<group>";
		};
		FB8C9B922445D41500E79756 /* Controller */ = {
			isa = PBXGroup;
			children = (
				FB8C9B932445D42D00E79756 /* GameObjectController.cpp */,
				FB8C9B942445D42D00E79756 /* GameObjectController.h */,
			);
			path = Controller;
			sourceTree = "<group>";
		};
		FB8C9B962445E4C100E79756 /* Main */ = {
			isa = PBXGroup;
			children = (
				FB8C9B822445CD0F00E79756 /* main.cpp */,
				FB8C9B972445E4CF00E79756 /* Game.cpp */,
				FB8C9B982445E4CF00E79756 /* Game.h */,
			);
			path = Main;
			sourceTree = "<group>";
		};
		FB8C9BA12445EB8000E79756 /* Interfaces */ = {
			isa = PBXGroup;
			children = (
				FB8C9BA32445EB9500E79756 /* i_Shooter.cpp */,
				FB8C9BA42445EB9500E79756 /* i_Shooter.h */,
				FBFB384E2448639600E90FD9 /* i_Collision.cpp */,
				FBFB384F2448639600E90FD9 /* i_Collision.h */,
			);
			path = Interfaces;
			sourceTree = "<group>";
		};
		FB9FE85F2452E62000174056 /* Utilities */ = {
			isa = PBXGroup;
			children = (
				FB4029B7245184FF004C1439 /* u_XMLReader.h */,
				FB4029B82451867C004C1439 /* u_XMLReader.cpp */,
				FB9FE8602452E64500174056 /* u_ErrorHandler.h */,
				FB9FE8612452E76500174056 /* u_errorHandler.cpp */,
			);
			path = Utilities;
			sourceTree = "<group>";
		};
		FBF0298624475AC2004277B8 /* Other */ = {
			isa = PBXGroup;
			children = (
				FBF0298724475ACF004277B8 /* Vector2.cpp */,
				FBF0298824475ACF004277B8 /* Vector2.h */,
				FBFB38532448692700E90FD9 /* Clock.cpp */,
				FBFB38542448692700E90FD9 /* Clock.h */,
				FB98BF36245052AB00E46507 /* Shape.h */,
				FB98BF37245052BA00E46507 /* Shape.cpp */,
			);
			path = Other;
			sourceTree = "<group>";
		};
/* End PBXGroup section */

/* Begin PBXNativeTarget section */
		FB8C9B7E2445CD0F00E79756 /* GameObjectDemo */ = {
			isa = PBXNativeTarget;
			buildConfigurationList = FB8C9B862445CD0F00E79756 /* Build configuration list for PBXNativeTarget "GameObjectDemo" */;
			buildPhases = (
				FB8C9B7B2445CD0F00E79756 /* Sources */,
				FB8C9B7C2445CD0F00E79756 /* Frameworks */,
				FB8C9B7D2445CD0F00E79756 /* CopyFiles */,
			);
			buildRules = (
			);
			dependencies = (
			);
			name = GameObjectDemo;
			productName = GameObjectDemo;
			productReference = FB8C9B7F2445CD0F00E79756 /* GameObjectDemo */;
			productType = "com.apple.product-type.tool";
		};
/* End PBXNativeTarget section */

/* Begin PBXProject section */
		FB8C9B772445CD0F00E79756 /* Project object */ = {
			isa = PBXProject;
			attributes = {
				LastUpgradeCheck = 1130;
				ORGANIZATIONNAME = "Alec Lauder";
				TargetAttributes = {
					FB8C9B7E2445CD0F00E79756 = {
						CreatedOnToolsVersion = 11.3.1;
					};
				};
			};
			buildConfigurationList = FB8C9B7A2445CD0F00E79756 /* Build configuration list for PBXProject "GameObjectDemo" */;
			compatibilityVersion = "Xcode 9.3";
			developmentRegion = en;
			hasScannedForEncodings = 0;
			knownRegions = (
				en,
				Base,
			);
			mainGroup = FB8C9B762445CD0F00E79756;
			productRefGroup = FB8C9B802445CD0F00E79756 /* Products */;
			projectDirPath = "";
			projectRoot = "";
			targets = (
				FB8C9B7E2445CD0F00E79756 /* GameObjectDemo */,
			);
		};
/* End PBXProject section */

/* Begin PBXSourcesBuildPhase section */
		FB8C9B7B2445CD0F00E79756 /* Sources */ = {
			isa = PBXSourcesBuildPhase;
			buildActionMask = 2147483647;
			files = (
				FB8C9BA52445EB9500E79756 /* i_Shooter.cpp in Sources */,
				FB8C9B8B2445CD1C00E79756 /* a_GameObject.cpp in Sources */,
				FB8C9B832445CD0F00E79756 /* main.cpp in Sources */,
				FBFB38552448692700E90FD9 /* Clock.cpp in Sources */,
				FB8C9B952445D42D00E79756 /* GameObjectController.cpp in Sources */,
				FBFB38502448639600E90FD9 /* i_Collision.cpp in Sources */,
				FB4029BD245194CC004C1439 /* tinyxml2.cpp in Sources */,
				FB8C9B9C2445E8B600E79756 /* Alien.cpp in Sources */,
				FB9FE8622452E76500174056 /* u_errorHandler.cpp in Sources */,
				FB8C9B912445D00A00E79756 /* SpaceShip.cpp in Sources */,
				FB8C9BA82445ECC900E79756 /* Bullets.cpp in Sources */,
				FBF0298924475ACF004277B8 /* Vector2.cpp in Sources */,
				FB8C9B992445E4CF00E79756 /* Game.cpp in Sources */,
				FB4029B92451867C004C1439 /* u_XMLReader.cpp in Sources */,
				FB98BF38245052BA00E46507 /* Shape.cpp in Sources */,
			);
			runOnlyForDeploymentPostprocessing = 0;
		};
/* End PBXSourcesBuildPhase section */

/* Begin XCBuildConfiguration section */
		FB8C9B842445CD0F00E79756 /* Debug */ = {
			isa = XCBuildConfiguration;
			buildSettings = {
				ALWAYS_SEARCH_USER_PATHS = NO;
				CLANG_ANALYZER_NONNULL = YES;
				CLANG_ANALYZER_NUMBER_OBJECT_CONVERSION = YES_AGGRESSIVE;
				CLANG_CXX_LANGUAGE_STANDARD = "gnu++14";
				CLANG_CXX_LIBRARY = "libc++";
				CLANG_ENABLE_MODULES = YES;
				CLANG_ENABLE_OBJC_ARC = YES;
				CLANG_ENABLE_OBJC_WEAK = YES;
				CLANG_WARN_BLOCK_CAPTURE_AUTORELEASING = YES;
				CLANG_WARN_BOOL_CONVERSION = YES;
				CLANG_WARN_COMMA = YES;
				CLANG_WARN_CONSTANT_CONVERSION = YES;
				CLANG_WARN_DEPRECATED_OBJC_IMPLEMENTATIONS = YES;
				CLANG_WARN_DIRECT_OBJC_ISA_USAGE = YES_ERROR;
				CLANG_WARN_DOCUMENTATION_COMMENTS = YES;
				CLANG_WARN_EMPTY_BODY = YES;
				CLANG_WARN_ENUM_CONVERSION = YES;
				CLANG_WARN_INFINITE_RECURSION = YES;
				CLANG_WARN_INT_CONVERSION = YES;
				CLANG_WARN_NON_LITERAL_NULL_CONVERSION = YES;
				CLANG_WARN_OBJC_IMPLICIT_RETAIN_SELF = YES;
				CLANG_WARN_OBJC_LITERAL_CONVERSION = YES;
				CLANG_WARN_OBJC_ROOT_CLASS = YES_ERROR;
				CLANG_WARN_RANGE_LOOP_ANALYSIS = YES;
				CLANG_WARN_STRICT_PROTOTYPES = YES;
				CLANG_WARN_SUSPICIOUS_MOVE = YES;
				CLANG_WARN_UNGUARDED_AVAILABILITY = YES_AGGRESSIVE;
				CLANG_WARN_UNREACHABLE_CODE = YES;
				CLANG_WARN__DUPLICATE_METHOD_MATCH = YES;
				COPY_PHASE_STRIP = NO;
				DEBUG_INFORMATION_FORMAT = dwarf;
				ENABLE_STRICT_OBJC_MSGSEND = YES;
				ENABLE_TESTABILITY = YES;
				GCC_C_LANGUAGE_STANDARD = gnu11;
				GCC_DYNAMIC_NO_PIC = NO;
				GCC_NO_COMMON_BLOCKS = YES;
				GCC_OPTIMIZATION_LEVEL = 0;
				GCC_PREPROCESSOR_DEFINITIONS = (
					"DEBUG=1",
					"$(inherited)",
				);
				GCC_WARN_64_TO_32_BIT_CONVERSION = YES;
				GCC_WARN_ABOUT_RETURN_TYPE = YES_ERROR;
				GCC_WARN_UNDECLARED_SELECTOR = YES;
				GCC_WARN_UNINITIALIZED_AUTOS = YES_AGGRESSIVE;
				GCC_WARN_UNUSED_FUNCTION = YES;
				GCC_WARN_UNUSED_VARIABLE = YES;
				MACOSX_DEPLOYMENT_TARGET = 10.15;
				MTL_ENABLE_DEBUG_INFO = INCLUDE_SOURCE;
				MTL_FAST_MATH = YES;
				ONLY_ACTIVE_ARCH = YES;
				SDKROOT = macosx;
			};
			name = Debug;
		};
		FB8C9B852445CD0F00E79756 /* Release */ = {
			isa = XCBuildConfiguration;
			buildSettings = {
				ALWAYS_SEARCH_USER_PATHS = NO;
				CLANG_ANALYZER_NONNULL = YES;
				CLANG_ANALYZER_NUMBER_OBJECT_CONVERSION = YES_AGGRESSIVE;
				CLANG_CXX_LANGUAGE_STANDARD = "gnu++14";
				CLANG_CXX_LIBRARY = "libc++";
				CLANG_ENABLE_MODULES = YES;
				CLANG_ENABLE_OBJC_ARC = YES;
				CLANG_ENABLE_OBJC_WEAK = YES;
				CLANG_WARN_BLOCK_CAPTURE_AUTORELEASING = YES;
				CLANG_WARN_BOOL_CONVERSION = YES;
				CLANG_WARN_COMMA = YES;
				CLANG_WARN_CONSTANT_CONVERSION = YES;
				CLANG_WARN_DEPRECATED_OBJC_IMPLEMENTATIONS = YES;
				CLANG_WARN_DIRECT_OBJC_ISA_USAGE = YES_ERROR;
				CLANG_WARN_DOCUMENTATION_COMMENTS = YES;
				CLANG_WARN_EMPTY_BODY = YES;
				CLANG_WARN_ENUM_CONVERSION = YES;
				CLANG_WARN_INFINITE_RECURSION = YES;
				CLANG_WARN_INT_CONVERSION = YES;
				CLANG_WARN_NON_LITERAL_NULL_CONVERSION = YES;
				CLANG_WARN_OBJC_IMPLICIT_RETAIN_SELF = YES;
				CLANG_WARN_OBJC_LITERAL_CONVERSION = YES;
				CLANG_WARN_OBJC_ROOT_CLASS = YES_ERROR;
				CLANG_WARN_RANGE_LOOP_ANALYSIS = YES;
				CLANG_WARN_STRICT_PROTOTYPES = YES;
				CLANG_WARN_SUSPICIOUS_MOVE = YES;
				CLANG_WARN_UNGUARDED_AVAILABILITY = YES_AGGRESSIVE;
				CLANG_WARN_UNREACHABLE_CODE = YES;
				CLANG_WARN__DUPLICATE_METHOD_MATCH = YES;
				COPY_PHASE_STRIP = NO;
				DEBUG_INFORMATION_FORMAT = "dwarf-with-dsym";
				ENABLE_NS_ASSERTIONS = NO;
				ENABLE_STRICT_OBJC_MSGSEND = YES;
				GCC_C_LANGUAGE_STANDARD = gnu11;
				GCC_NO_COMMON_BLOCKS = YES;
				GCC_WARN_64_TO_32_BIT_CONVERSION = YES;
				GCC_WARN_ABOUT_RETURN_TYPE = YES_ERROR;
				GCC_WARN_UNDECLARED_SELECTOR = YES;
				GCC_WARN_UNINITIALIZED_AUTOS = YES_AGGRESSIVE;
				GCC_WARN_UNUSED_FUNCTION = YES;
				GCC_WARN_UNUSED_VARIABLE = YES;
				MACOSX_DEPLOYMENT_TARGET = 10.15;
				MTL_ENABLE_DEBUG_INFO = NO;
				MTL_FAST_MATH = YES;
				SDKROOT = macosx;
			};
			name = Release;
		};
		FB8C9B872445CD0F00E79756 /* Debug */ = {
			isa = XCBuildConfiguration;
			buildSettings = {
				CODE_SIGN_STYLE = Automatic;
				PRODUCT_NAME = "$(TARGET_NAME)";
			};
			name = Debug;
		};
		FB8C9B882445CD0F00E79756 /* Release */ = {
			isa = XCBuildConfiguration;
			buildSettings = {
				CODE_SIGN_STYLE = Automatic;
				PRODUCT_NAME = "$(TARGET_NAME)";
			};
			name = Release;
		};
/* End XCBuildConfiguration section */

/* Begin XCConfigurationList section */
		FB8C9B7A2445CD0F00E79756 /* Build configuration list for PBXProject "GameObjectDemo" */ = {
			isa = XCConfigurationList;
			buildConfigurations = (
				FB8C9B842445CD0F00E79756 /* Debug */,
				FB8C9B852445CD0F00E79756 /* Release */,
			);
			defaultConfigurationIsVisible = 0;
			defaultConfigurationName = Release;
		};
		FB8C9B862445CD0F00E79756 /* Build configuration list for PBXNativeTarget "GameObjectDemo" */ = {
			isa = XCConfigurationList;
			buildConfigurations = (
				FB8C9B872445CD0F00E79756 /* Debug */,
				FB8C9B882445CD0F00E79756 /* Release */,
			);
			defaultConfigurationIsVisible = 0;
			defaultConfigurationName = Release;
		};
/* End XCConfigurationList section */
	};
	rootObject = FB8C9B772445CD0F00E79756 /* Project object */;
}
